
Microsoft Visual Studio Solution File, Format Version 12.00
# Visual Studio Version 17
VisualStudioVersion = 17.10.35013.160
MinimumVisualStudioVersion = 10.0.40219.1
Project("{9A19103F-16F7-4668-BE54-9A1E7A4F7556}") = "BulkyWeb", "BulkyWeb\BulkyWeb.csproj", "{6C1CBABB-96EF-4CC4-82B9-DDD151776689}"
EndProject
Project("{9A19103F-16F7-4668-BE54-9A1E7A4F7556}") = "BulkyWeb_Razor", "BulkyWeb_Razor\BulkyWeb_Razor.csproj", "{28FCCE5A-BF89-4D60-B2AC-1C9BBCFAE873}"
EndProject
Global
	GlobalSection(SolutionConfigurationPlatforms) = preSolution
		Debug|Any CPU = Debug|Any CPU
		Release|Any CPU = Release|Any CPU
	EndGlobalSection
	GlobalSection(ProjectConfigurationPlatforms) = postSolution
		{6C1CBABB-96EF-4CC4-82B9-DDD151776689}.Debug|Any CPU.ActiveCfg = Debug|Any CPU
		{6C1CBABB-96EF-4CC4-82B9-DDD151776689}.Debug|Any CPU.Build.0 = Debug|Any CPU
		{6C1CBABB-96EF-4CC4-82B9-DDD151776689}.Release|Any CPU.ActiveCfg = Release|Any CPU
		{6C1CBABB-96EF-4CC4-82B9-DDD151776689}.Release|Any CPU.Build.0 = Release|Any CPU
		{28FCCE5A-BF89-4D60-B2AC-1C9BBCFAE873}.Debug|Any CPU.ActiveCfg = Debug|Any CPU
		{28FCCE5A-BF89-4D60-B2AC-1C9BBCFAE873}.Debug|Any CPU.Build.0 = Debug|Any CPU
		{28FCCE5A-BF89-4D60-B2AC-1C9BBCFAE873}.Release|Any CPU.ActiveCfg = Release|Any CPU
		{28FCCE5A-BF89-4D60-B2AC-1C9BBCFAE873}.Release|Any CPU.Build.0 = Release|Any CPU
	EndGlobalSection
	GlobalSection(SolutionProperties) = preSolution
		HideSolutionNode = FALSE
	EndGlobalSection
	GlobalSection(ExtensibilityGlobals) = postSolution
		SolutionGuid = {C122654D-D332-44BE-BB02-CA1D979E901C}
	EndGlobalSection
EndGlobal
